
Microsoft Visual Studio Solution File, Format Version 12.00
# Visual Studio Version 17
VisualStudioVersion = 17.2.32602.215
MinimumVisualStudioVersion = 10.0.40219.1
Project("{FAE04EC0-301F-11D3-BF4B-00C04F79EFBC}") = "CopyrightHelper", "CopyrightHelper\CopyrightHelper.csproj", "{F9839C91-1605-49C5-9D7A-8AEF98186CEE}"
EndProject
Project("{FAE04EC0-301F-11D3-BF4B-00C04F79EFBC}") = "UnitTest", "UnitTest\UnitTest.csproj", "{E0BAC88B-649B-4A17-9B10-2C9A3C49AA8F}"
EndProject
Project("{2150E333-8FDC-42A3-9474-1A3956D46DE8}") = "Solution Items", "Solution Items", "{3C713C6E-1F0C-47BE-827C-69A4A2E10459}"
	ProjectSection(SolutionItems) = preProject
		LICENSE = LICENSE
		README.md = README.md
		README.zh-cn.md = README.zh-cn.md
	EndProjectSection
EndProject
Project("{9A19103F-16F7-4668-BE54-9A1E7A4F7556}") = "CH", "CopyrightHelper\CH.csproj", "{AB51537F-4279-498E-9040-93BEFCC87F8C}"
EndProject
Global
	GlobalSection(SolutionConfigurationPlatforms) = preSolution
		Debug|Any CPU = Debug|Any CPU
		Release|Any CPU = Release|Any CPU
	EndGlobalSection
	GlobalSection(ProjectConfigurationPlatforms) = postSolution
		{F9839C91-1605-49C5-9D7A-8AEF98186CEE}.Debug|Any CPU.ActiveCfg = Debug|Any CPU
		{F9839C91-1605-49C5-9D7A-8AEF98186CEE}.Debug|Any CPU.Build.0 = Debug|Any CPU
		{F9839C91-1605-49C5-9D7A-8AEF98186CEE}.Release|Any CPU.ActiveCfg = Release|Any CPU
		{F9839C91-1605-49C5-9D7A-8AEF98186CEE}.Release|Any CPU.Build.0 = Release|Any CPU
		{E0BAC88B-649B-4A17-9B10-2C9A3C49AA8F}.Debug|Any CPU.ActiveCfg = Debug|Any CPU
		{E0BAC88B-649B-4A17-9B10-2C9A3C49AA8F}.Debug|Any CPU.Build.0 = Debug|Any CPU
		{E0BAC88B-649B-4A17-9B10-2C9A3C49AA8F}.Release|Any CPU.ActiveCfg = Release|Any CPU
		{E0BAC88B-649B-4A17-9B10-2C9A3C49AA8F}.Release|Any CPU.Build.0 = Release|Any CPU
		{AB51537F-4279-498E-9040-93BEFCC87F8C}.Debug|Any CPU.ActiveCfg = Debug|Any CPU
		{AB51537F-4279-498E-9040-93BEFCC87F8C}.Debug|Any CPU.Build.0 = Debug|Any CPU
		{AB51537F-4279-498E-9040-93BEFCC87F8C}.Release|Any CPU.ActiveCfg = Release|Any CPU
		{AB51537F-4279-498E-9040-93BEFCC87F8C}.Release|Any CPU.Build.0 = Release|Any CPU
	EndGlobalSection
	GlobalSection(SolutionProperties) = preSolution
		HideSolutionNode = FALSE
	EndGlobalSection
	GlobalSection(ExtensibilityGlobals) = postSolution
		SolutionGuid = {068F6C80-21DA-41EA-ADFC-C31D6727F26D}
	EndGlobalSection
EndGlobal
